
Microsoft Visual Studio Solution File, Format Version 12.00
# Visual Studio Version 17
VisualStudioVersion = 17.5.33502.453
MinimumVisualStudioVersion = 10.0.40219.1
Project("{FAE04EC0-301F-11D3-BF4B-00C04F79EFBC}") = "AutoDo", "AutoDo\AutoDo.csproj", "{20B1E602-B0E7-472C-959C-AC32A1DD6D48}"
EndProject
Global
	GlobalSection(SolutionConfigurationPlatforms) = preSolution
		Debug|Any CPU = Debug|Any CPU
		Release|Any CPU = Release|Any CPU
	EndGlobalSection
	GlobalSection(ProjectConfigurationPlatforms) = postSolution
		{20B1E602-B0E7-472C-959C-AC32A1DD6D48}.Debug|Any CPU.ActiveCfg = Debug|Any CPU
		{20B1E602-B0E7-472C-959C-AC32A1DD6D48}.Debug|Any CPU.Build.0 = Debug|Any CPU
		{20B1E602-B0E7-472C-959C-AC32A1DD6D48}.Release|Any CPU.ActiveCfg = Release|Any CPU
		{20B1E602-B0E7-472C-959C-AC32A1DD6D48}.Release|Any CPU.Build.0 = Release|Any CPU
	EndGlobalSection
	GlobalSection(SolutionProperties) = preSolution
		HideSolutionNode = FALSE
	EndGlobalSection
	GlobalSection(ExtensibilityGlobals) = postSolution
		SolutionGuid = {DE06769F-008F-4EEA-9D11-48B57649C212}
	EndGlobalSection
EndGlobal
